
Microsoft Visual Studio Solution File, Format Version 12.00
# Visual Studio Version 16
VisualStudioVersion = 16.0.31613.86
MinimumVisualStudioVersion = 10.0.40219.1
Project("{8BC9CEB8-8B4A-11D0-8D11-00A0C91BC942}") = "AddingMachineDoWhile", "AddingMachineDoWhile.vcxproj", "{E6A54C6E-BF04-4B84-A428-E1DBC4E43D2B}"
EndProject
Global
	GlobalSection(SolutionConfigurationPlatforms) = preSolution
		Debug|x64 = Debug|x64
		Debug|x86 = Debug|x86
		Release|x64 = Release|x64
		Release|x86 = Release|x86
	EndGlobalSection
	GlobalSection(ProjectConfigurationPlatforms) = postSolution
		{E6A54C6E-BF04-4B84-A428-E1DBC4E43D2B}.Debug|x64.ActiveCfg = Debug|x64
		{E6A54C6E-BF04-4B84-A428-E1DBC4E43D2B}.Debug|x64.Build.0 = Debug|x64
		{E6A54C6E-BF04-4B84-A428-E1DBC4E43D2B}.Debug|x86.ActiveCfg = Debug|Win32
		{E6A54C6E-BF04-4B84-A428-E1DBC4E43D2B}.Debug|x86.Build.0 = Debug|Win32
		{E6A54C6E-BF04-4B84-A428-E1DBC4E43D2B}.Release|x64.ActiveCfg = Release|x64
		{E6A54C6E-BF04-4B84-A428-E1DBC4E43D2B}.Release|x64.Build.0 = Release|x64
		{E6A54C6E-BF04-4B84-A428-E1DBC4E43D2B}.Release|x86.ActiveCfg = Release|Win32
		{E6A54C6E-BF04-4B84-A428-E1DBC4E43D2B}.Release|x86.Build.0 = Release|Win32
	EndGlobalSection
	GlobalSection(SolutionProperties) = preSolution
		HideSolutionNode = FALSE
	EndGlobalSection
	GlobalSection(ExtensibilityGlobals) = postSolution
		SolutionGuid = {BC60F871-9CD9-48A8-9E10-49D4A85C75C4}
	EndGlobalSection
EndGlobal
